
Microsoft Visual Studio Solution File, Format Version 12.00
# Visual Studio Version 17
VisualStudioVersion = 17.1.32328.378
MinimumVisualStudioVersion = 10.0.40219.1
Project("{FAE04EC0-301F-11D3-BF4B-00C04F79EFBC}") = "MyWeatherTelegramBot", "MyWeatherTelegramBot\MyWeatherTelegramBot.csproj", "{57DB1006-E148-4E77-9AB5-732E8360F6B8}"
EndProject
Global
	GlobalSection(SolutionConfigurationPlatforms) = preSolution
		Debug|Any CPU = Debug|Any CPU
		Release|Any CPU = Release|Any CPU
	EndGlobalSection
	GlobalSection(ProjectConfigurationPlatforms) = postSolution
		{57DB1006-E148-4E77-9AB5-732E8360F6B8}.Debug|Any CPU.ActiveCfg = Debug|Any CPU
		{57DB1006-E148-4E77-9AB5-732E8360F6B8}.Debug|Any CPU.Build.0 = Debug|Any CPU
		{57DB1006-E148-4E77-9AB5-732E8360F6B8}.Release|Any CPU.ActiveCfg = Release|Any CPU
		{57DB1006-E148-4E77-9AB5-732E8360F6B8}.Release|Any CPU.Build.0 = Release|Any CPU
	EndGlobalSection
	GlobalSection(SolutionProperties) = preSolution
		HideSolutionNode = FALSE
	EndGlobalSection
	GlobalSection(ExtensibilityGlobals) = postSolution
		SolutionGuid = {E2E0D62C-3364-4317-924D-FA6B8820148C}
	EndGlobalSection
EndGlobal
